
Microsoft Visual Studio Solution File, Format Version 11.00
# Visual Studio 2010
Project("{8BC9CEB8-8B4A-11D0-8D11-00A0C91BC942}") = "ROTMGClient", "ROTMGClient\ROTMGClient.vcxproj", "{AA347706-B0B3-4289-9B2D-E457D1A9696D}"
EndProject
Global
	GlobalSection(SolutionConfigurationPlatforms) = preSolution
		Debug|Win32 = Debug|Win32
		Release|Win32 = Release|Win32
	EndGlobalSection
	GlobalSection(ProjectConfigurationPlatforms) = postSolution
		{AA347706-B0B3-4289-9B2D-E457D1A9696D}.Debug|Win32.ActiveCfg = Debug|Win32
		{AA347706-B0B3-4289-9B2D-E457D1A9696D}.Debug|Win32.Build.0 = Debug|Win32
		{AA347706-B0B3-4289-9B2D-E457D1A9696D}.Release|Win32.ActiveCfg = Release|Win32
		{AA347706-B0B3-4289-9B2D-E457D1A9696D}.Release|Win32.Build.0 = Release|Win32
	EndGlobalSection
	GlobalSection(SolutionProperties) = preSolution
		HideSolutionNode = FALSE
	EndGlobalSection
EndGlobal
