<?xml version="1.0" encoding="utf-8"?>
<Project ToolsVersion="4.0" xmlns="http://schemas.microsoft.com/developer/msbuild/2003">
  <ItemGroup>
    <Filter Include="Source Files">
      <UniqueIdentifier>{4FC737F1-C7A5-4376-A066-2A32D752A2FF}</UniqueIdentifier>
      <Extensions>cpp;c;cc;cxx;def;odl;idl;hpj;bat;asm;asmx</Extensions>
    </Filter>
    <Filter Include="Header Files">
      <UniqueIdentifier>{93995380-89BD-4b04-88EB-625FBE52EBFB}</UniqueIdentifier>
      <Extensions>h;hpp;hxx;hm;inl;inc;xsd</Extensions>
    </Filter>
    <Filter Include="Resource Files">
      <UniqueIdentifier>{67DA6AB6-F800-4c08-8B7A-83BB121AAD01}</UniqueIdentifier>
      <Extensions>rc;ico;cur;bmp;dlg;rc2;rct;bin;rgs;gif;jpg;jpeg;jpe;resx;tiff;tif;png;wav;mfcribbon-ms</Extensions>
    </Filter>
  </ItemGroup>
  <ItemGroup>
    <ClCompile Include="Src\main.cpp">
      <Filter>Source Files</Filter>
    </ClCompile>
    <ClCompile Include="Src\Base64\Base64.cpp">
      <Filter>Source Files</Filter>
    </ClCompile>
    <ClCompile Include="Src\Misc\BaseConverter.cpp">
      <Filter>Source Files</Filter>
    </ClCompile>
    <ClCompile Include="Src\ROTMG\Encryption\Encryption.cpp">
      <Filter>Source Files</Filter>
    </ClCompile>
    <ClCompile Include="Src\ARC4\ARC4.cpp">
      <Filter>Source Files</Filter>
    </ClCompile>
  </ItemGroup>
  <ItemGroup>
    <ClInclude Include="Include\Base64\Base64.hpp">
      <Filter>Header Files</Filter>
    </ClInclude>
    <ClInclude Include="Include\Misc\binary.hpp">
      <Filter>Header Files</Filter>
    </ClInclude>
    <ClInclude Include="Include\Misc\BaseConverter.hpp">
      <Filter>Header Files</Filter>
    </ClInclude>
    <ClInclude Include="Include\Crypt\3way.h">
      <Filter>Header Files</Filter>
    </ClInclude>
    <ClInclude Include="Include\Crypt\zlib.h">
      <Filter>Header Files</Filter>
    </ClInclude>
    <ClInclude Include="Include\Crypt\adler32.h">
      <Filter>Header Files</Filter>
    </ClInclude>
    <ClInclude Include="Include\Crypt\aes.h">
      <Filter>Header Files</Filter>
    </ClInclude>
    <ClInclude Include="include\crypt\algebra.h">
      <Filter>Header Files</Filter>
    </ClInclude>
    <ClInclude Include="include\crypt\algparam.h">
      <Filter>Header Files</Filter>
    </ClInclude>
    <ClInclude Include="Include\Crypt\arc4.h">
      <Filter>Header Files</Filter>
    </ClInclude>
    <ClInclude Include="include\crypt\argnames.h">
      <Filter>Header Files</Filter>
    </ClInclude>
    <ClInclude Include="include\crypt\asn.h">
      <Filter>Header Files</Filter>
    </ClInclude>
    <ClInclude Include="Include\Crypt\authenc.h">
      <Filter>Header Files</Filter>
    </ClInclude>
    <ClInclude Include="Include\Crypt\base32.h">
      <Filter>Header Files</Filter>
    </ClInclude>
    <ClInclude Include="Include\Crypt\base64.h">
      <Filter>Header Files</Filter>
    </ClInclude>
    <ClInclude Include="Include\Crypt\basecode.h">
      <Filter>Header Files</Filter>
    </ClInclude>
    <ClInclude Include="Include\Crypt\bench.h">
      <Filter>Header Files</Filter>
    </ClInclude>
    <ClInclude Include="Include\Crypt\blowfish.h">
      <Filter>Header Files</Filter>
    </ClInclude>
    <ClInclude Include="Include\Crypt\blumshub.h">
      <Filter>Header Files</Filter>
    </ClInclude>
    <ClInclude Include="Include\Crypt\camellia.h">
      <Filter>Header Files</Filter>
    </ClInclude>
    <ClInclude Include="Include\Crypt\cast.h">
      <Filter>Header Files</Filter>
    </ClInclude>
    <ClInclude Include="Include\Crypt\cbcmac.h">
      <Filter>Header Files</Filter>
    </ClInclude>
    <ClInclude Include="Include\Crypt\ccm.h">
      <Filter>Header Files</Filter>
    </ClInclude>
    <ClInclude Include="Include\Crypt\channels.h">
      <Filter>Header Files</Filter>
    </ClInclude>
    <ClInclude Include="Include\Crypt\cmac.h">
      <Filter>Header Files</Filter>
    </ClInclude>
    <ClInclude Include="include\crypt\config.h">
      <Filter>Header Files</Filter>
    </ClInclude>
    <ClInclude Include="Include\Crypt\cpu.h">
      <Filter>Header Files</Filter>
    </ClInclude>
    <ClInclude Include="Include\Crypt\crc.h">
      <Filter>Header Files</Filter>
    </ClInclude>
    <ClInclude Include="include\crypt\cryptlib.h">
      <Filter>Header Files</Filter>
    </ClInclude>
    <ClInclude Include="Include\Crypt\default.h">
      <Filter>Header Files</Filter>
    </ClInclude>
    <ClInclude Include="Include\Crypt\des.h">
      <Filter>Header Files</Filter>
    </ClInclude>
    <ClInclude Include="Include\Crypt\dh.h">
      <Filter>Header Files</Filter>
    </ClInclude>
    <ClInclude Include="Include\Crypt\dh2.h">
      <Filter>Header Files</Filter>
    </ClInclude>
    <ClInclude Include="Include\Crypt\dll.h">
      <Filter>Header Files</Filter>
    </ClInclude>
    <ClInclude Include="Include\Crypt\dmac.h">
      <Filter>Header Files</Filter>
    </ClInclude>
    <ClInclude Include="Include\Crypt\dsa.h">
      <Filter>Header Files</Filter>
    </ClInclude>
    <ClInclude Include="Include\Crypt\eax.h">
      <Filter>Header Files</Filter>
    </ClInclude>
    <ClInclude Include="Include\Crypt\ec2n.h">
      <Filter>Header Files</Filter>
    </ClInclude>
    <ClInclude Include="Include\Crypt\eccrypto.h">
      <Filter>Header Files</Filter>
    </ClInclude>
    <ClInclude Include="Include\Crypt\ecp.h">
      <Filter>Header Files</Filter>
    </ClInclude>
    <ClInclude Include="Include\Crypt\elgamal.h">
      <Filter>Header Files</Filter>
    </ClInclude>
    <ClInclude Include="include\crypt\emsa2.h">
      <Filter>Header Files</Filter>
    </ClInclude>
    <ClInclude Include="include\crypt\eprecomp.h">
      <Filter>Header Files</Filter>
    </ClInclude>
    <ClInclude Include="Include\Crypt\esign.h">
      <Filter>Header Files</Filter>
    </ClInclude>
    <ClInclude Include="Include\Crypt\factory.h">
      <Filter>Header Files</Filter>
    </ClInclude>
    <ClInclude Include="Include\Crypt\files.h">
      <Filter>Header Files</Filter>
    </ClInclude>
    <ClInclude Include="include\crypt\filters.h">
      <Filter>Header Files</Filter>
    </ClInclude>
    <ClInclude Include="include\crypt\fips140.h">
      <Filter>Header Files</Filter>
    </ClInclude>
    <ClInclude Include="Include\Crypt\fltrimpl.h">
      <Filter>Header Files</Filter>
    </ClInclude>
    <ClInclude Include="Include\Crypt\gcm.h">
      <Filter>Header Files</Filter>
    </ClInclude>
    <ClInclude Include="Include\Crypt\gf256.h">
      <Filter>Header Files</Filter>
    </ClInclude>
    <ClInclude Include="Include\Crypt\gf2_32.h">
      <Filter>Header Files</Filter>
    </ClInclude>
    <ClInclude Include="Include\Crypt\gf2n.h">
      <Filter>Header Files</Filter>
    </ClInclude>
    <ClInclude Include="Include\Crypt\gfpcrypt.h">
      <Filter>Header Files</Filter>
    </ClInclude>
    <ClInclude Include="Include\Crypt\gost.h">
      <Filter>Header Files</Filter>
    </ClInclude>
    <ClInclude Include="Include\Crypt\gzip.h">
      <Filter>Header Files</Filter>
    </ClInclude>
    <ClInclude Include="Include\Crypt\hex.h">
      <Filter>Header Files</Filter>
    </ClInclude>
    <ClInclude Include="Include\Crypt\hmac.h">
      <Filter>Header Files</Filter>
    </ClInclude>
    <ClInclude Include="Include\Crypt\hrtimer.h">
      <Filter>Header Files</Filter>
    </ClInclude>
    <ClInclude Include="Include\Crypt\ida.h">
      <Filter>Header Files</Filter>
    </ClInclude>
    <ClInclude Include="Include\Crypt\idea.h">
      <Filter>Header Files</Filter>
    </ClInclude>
    <ClInclude Include="include\crypt\integer.h">
      <Filter>Header Files</Filter>
    </ClInclude>
    <ClInclude Include="include\crypt\iterhash.h">
      <Filter>Header Files</Filter>
    </ClInclude>
    <ClInclude Include="Include\Crypt\lubyrack.h">
      <Filter>Header Files</Filter>
    </ClInclude>
    <ClInclude Include="Include\Crypt\luc.h">
      <Filter>Header Files</Filter>
    </ClInclude>
    <ClInclude Include="Include\Crypt\mars.h">
      <Filter>Header Files</Filter>
    </ClInclude>
    <ClInclude Include="Include\Crypt\md2.h">
      <Filter>Header Files</Filter>
    </ClInclude>
    <ClInclude Include="Include\Crypt\md4.h">
      <Filter>Header Files</Filter>
    </ClInclude>
    <ClInclude Include="Include\Crypt\md5.h">
      <Filter>Header Files</Filter>
    </ClInclude>
    <ClInclude Include="Include\Crypt\mdc.h">
      <Filter>Header Files</Filter>
    </ClInclude>
    <ClInclude Include="include\crypt\misc.h">
      <Filter>Header Files</Filter>
    </ClInclude>
    <ClInclude Include="include\crypt\modarith.h">
      <Filter>Header Files</Filter>
    </ClInclude>
    <ClInclude Include="Include\Crypt\modes.h">
      <Filter>Header Files</Filter>
    </ClInclude>
    <ClInclude Include="Include\Crypt\modexppc.h">
      <Filter>Header Files</Filter>
    </ClInclude>
    <ClInclude Include="Include\Crypt\mqueue.h">
      <Filter>Header Files</Filter>
    </ClInclude>
    <ClInclude Include="Include\Crypt\mqv.h">
      <Filter>Header Files</Filter>
    </ClInclude>
    <ClInclude Include="Include\Crypt\nbtheory.h">
      <Filter>Header Files</Filter>
    </ClInclude>
    <ClInclude Include="Include\Crypt\network.h">
      <Filter>Header Files</Filter>
    </ClInclude>
    <ClInclude Include="Include\Crypt\nr.h">
      <Filter>Header Files</Filter>
    </ClInclude>
    <ClInclude Include="include\crypt\oaep.h">
      <Filter>Header Files</Filter>
    </ClInclude>
    <ClInclude Include="Include\Crypt\oids.h">
      <Filter>Header Files</Filter>
    </ClInclude>
    <ClInclude Include="Include\Crypt\osrng.h">
      <Filter>Header Files</Filter>
    </ClInclude>
    <ClInclude Include="Include\Crypt\panama.h">
      <Filter>Header Files</Filter>
    </ClInclude>
    <ClInclude Include="Include\Crypt\pch.h">
      <Filter>Header Files</Filter>
    </ClInclude>
    <ClInclude Include="include\crypt\pkcspad.h">
      <Filter>Header Files</Filter>
    </ClInclude>
    <ClInclude Include="Include\Crypt\polynomi.h">
      <Filter>Header Files</Filter>
    </ClInclude>
    <ClInclude Include="Include\Crypt\pssr.h">
      <Filter>Header Files</Filter>
    </ClInclude>
    <ClInclude Include="include\crypt\pubkey.h">
      <Filter>Header Files</Filter>
    </ClInclude>
    <ClInclude Include="Include\Crypt\pwdbased.h">
      <Filter>Header Files</Filter>
    </ClInclude>
    <ClInclude Include="include\crypt\queue.h">
      <Filter>Header Files</Filter>
    </ClInclude>
    <ClInclude Include="Include\Crypt\rabin.h">
      <Filter>Header Files</Filter>
    </ClInclude>
    <ClInclude Include="Include\Crypt\randpool.h">
      <Filter>Header Files</Filter>
    </ClInclude>
    <ClInclude Include="Include\Crypt\rc2.h">
      <Filter>Header Files</Filter>
    </ClInclude>
    <ClInclude Include="Include\Crypt\rc5.h">
      <Filter>Header Files</Filter>
    </ClInclude>
    <ClInclude Include="Include\Crypt\rc6.h">
      <Filter>Header Files</Filter>
    </ClInclude>
    <ClInclude Include="Include\Crypt\resource.h">
      <Filter>Header Files</Filter>
    </ClInclude>
    <ClInclude Include="Include\Crypt\rijndael.h">
      <Filter>Header Files</Filter>
    </ClInclude>
    <ClInclude Include="Include\Crypt\ripemd.h">
      <Filter>Header Files</Filter>
    </ClInclude>
    <ClInclude Include="Include\Crypt\rng.h">
      <Filter>Header Files</Filter>
    </ClInclude>
    <ClInclude Include="include\crypt\rsa.h">
      <Filter>Header Files</Filter>
    </ClInclude>
    <ClInclude Include="Include\Crypt\rw.h">
      <Filter>Header Files</Filter>
    </ClInclude>
    <ClInclude Include="Include\Crypt\safer.h">
      <Filter>Header Files</Filter>
    </ClInclude>
    <ClInclude Include="Include\Crypt\salsa.h">
      <Filter>Header Files</Filter>
    </ClInclude>
    <ClInclude Include="Include\Crypt\seal.h">
      <Filter>Header Files</Filter>
    </ClInclude>
    <ClInclude Include="include\crypt\secblock.h">
      <Filter>Header Files</Filter>
    </ClInclude>
    <ClInclude Include="Include\Crypt\seckey.h">
      <Filter>Header Files</Filter>
    </ClInclude>
    <ClInclude Include="Include\Crypt\seed.h">
      <Filter>Header Files</Filter>
    </ClInclude>
    <ClInclude Include="Include\Crypt\serpent.h">
      <Filter>Header Files</Filter>
    </ClInclude>
    <ClInclude Include="Include\Crypt\serpentp.h">
      <Filter>Header Files</Filter>
    </ClInclude>
    <ClInclude Include="include\crypt\sha.h">
      <Filter>Header Files</Filter>
    </ClInclude>
    <ClInclude Include="Include\Crypt\shacal2.h">
      <Filter>Header Files</Filter>
    </ClInclude>
    <ClInclude Include="Include\Crypt\shark.h">
      <Filter>Header Files</Filter>
    </ClInclude>
    <ClInclude Include="include\crypt\simple.h">
      <Filter>Header Files</Filter>
    </ClInclude>
    <ClInclude Include="Include\Crypt\skipjack.h">
      <Filter>Header Files</Filter>
    </ClInclude>
    <ClInclude Include="include\crypt\smartptr.h">
      <Filter>Header Files</Filter>
    </ClInclude>
    <ClInclude Include="Include\Crypt\socketft.h">
      <Filter>Header Files</Filter>
    </ClInclude>
    <ClInclude Include="Include\Crypt\sosemanuk.h">
      <Filter>Header Files</Filter>
    </ClInclude>
    <ClInclude Include="Include\Crypt\square.h">
      <Filter>Header Files</Filter>
    </ClInclude>
    <ClInclude Include="include\crypt\stdcpp.h">
      <Filter>Header Files</Filter>
    </ClInclude>
    <ClInclude Include="Include\Crypt\strciphr.h">
      <Filter>Header Files</Filter>
    </ClInclude>
    <ClInclude Include="Include\Crypt\tea.h">
      <Filter>Header Files</Filter>
    </ClInclude>
    <ClInclude Include="Include\Crypt\tiger.h">
      <Filter>Header Files</Filter>
    </ClInclude>
    <ClInclude Include="Include\Crypt\trdlocal.h">
      <Filter>Header Files</Filter>
    </ClInclude>
    <ClInclude Include="Include\Crypt\trunhash.h">
      <Filter>Header Files</Filter>
    </ClInclude>
    <ClInclude Include="Include\Crypt\ttmac.h">
      <Filter>Header Files</Filter>
    </ClInclude>
    <ClInclude Include="Include\Crypt\twofish.h">
      <Filter>Header Files</Filter>
    </ClInclude>
    <ClInclude Include="Include\Crypt\validate.h">
      <Filter>Header Files</Filter>
    </ClInclude>
    <ClInclude Include="Include\Crypt\vmac.h">
      <Filter>Header Files</Filter>
    </ClInclude>
    <ClInclude Include="Include\Crypt\wait.h">
      <Filter>Header Files</Filter>
    </ClInclude>
    <ClInclude Include="Include\Crypt\wake.h">
      <Filter>Header Files</Filter>
    </ClInclude>
    <ClInclude Include="Include\Crypt\whrlpool.h">
      <Filter>Header Files</Filter>
    </ClInclude>
    <ClInclude Include="Include\Crypt\winpipes.h">
      <Filter>Header Files</Filter>
    </ClInclude>
    <ClInclude Include="Include\Crypt\words.h">
      <Filter>Header Files</Filter>
    </ClInclude>
    <ClInclude Include="Include\Crypt\xtr.h">
      <Filter>Header Files</Filter>
    </ClInclude>
    <ClInclude Include="Include\Crypt\xtrcrypt.h">
      <Filter>Header Files</Filter>
    </ClInclude>
    <ClInclude Include="Include\Crypt\zdeflate.h">
      <Filter>Header Files</Filter>
    </ClInclude>
    <ClInclude Include="Include\Crypt\zinflate.h">
      <Filter>Header Files</Filter>
    </ClInclude>
    <ClInclude Include="Include\Botan\internal\algo_cache.h">
      <Filter>Header Files</Filter>
    </ClInclude>
    <ClInclude Include="Include\Botan\internal\assert.h">
      <Filter>Header Files</Filter>
    </ClInclude>
    <ClInclude Include="Include\Botan\internal\bit_ops.h">
      <Filter>Header Files</Filter>
    </ClInclude>
    <ClInclude Include="Include\Botan\internal\core_engine.h">
      <Filter>Header Files</Filter>
    </ClInclude>
    <ClInclude Include="Include\Botan\internal\def_powm.h">
      <Filter>Header Files</Filter>
    </ClInclude>
    <ClInclude Include="Include\Botan\internal\defalloc.h">
      <Filter>Header Files</Filter>
    </ClInclude>
    <ClInclude Include="Include\Botan\internal\dyn_load.h">
      <Filter>Header Files</Filter>
    </ClInclude>
    <ClInclude Include="Include\Botan\internal\es_capi.h">
      <Filter>Header Files</Filter>
    </ClInclude>
    <ClInclude Include="Include\Botan\internal\es_win32.h">
      <Filter>Header Files</Filter>
    </ClInclude>
    <ClInclude Include="Include\Botan\internal\hres_timer.h">
      <Filter>Header Files</Filter>
    </ClInclude>
    <ClInclude Include="Include\Botan\internal\mem_pool.h">
      <Filter>Header Files</Filter>
    </ClInclude>
    <ClInclude Include="Include\Botan\internal\mlock.h">
      <Filter>Header Files</Filter>
    </ClInclude>
    <ClInclude Include="Include\Botan\internal\mp_asm.h">
      <Filter>Header Files</Filter>
    </ClInclude>
    <ClInclude Include="Include\Botan\internal\mp_asmi.h">
      <Filter>Header Files</Filter>
    </ClInclude>
    <ClInclude Include="Include\Botan\internal\mp_core.h">
      <Filter>Header Files</Filter>
    </ClInclude>
    <ClInclude Include="Include\Botan\internal\mutex.h">
      <Filter>Header Files</Filter>
    </ClInclude>
    <ClInclude Include="Include\Botan\internal\mux_noop.h">
      <Filter>Header Files</Filter>
    </ClInclude>
    <ClInclude Include="Include\Botan\internal\mux_win32.h">
      <Filter>Header Files</Filter>
    </ClInclude>
    <ClInclude Include="Include\Botan\internal\out_buf.h">
      <Filter>Header Files</Filter>
    </ClInclude>
    <ClInclude Include="Include\Botan\internal\pk_algs.h">
      <Filter>Header Files</Filter>
    </ClInclude>
    <ClInclude Include="Include\Botan\internal\prefetch.h">
      <Filter>Header Files</Filter>
    </ClInclude>
    <ClInclude Include="Include\Botan\internal\rounding.h">
      <Filter>Header Files</Filter>
    </ClInclude>
    <ClInclude Include="Include\Botan\internal\simd_32.h">
      <Filter>Header Files</Filter>
    </ClInclude>
    <ClInclude Include="Include\Botan\internal\simd_engine.h">
      <Filter>Header Files</Filter>
    </ClInclude>
    <ClInclude Include="Include\Botan\internal\simd_scalar.h">
      <Filter>Header Files</Filter>
    </ClInclude>
    <ClInclude Include="Include\Botan\internal\stl_util.h">
      <Filter>Header Files</Filter>
    </ClInclude>
    <ClInclude Include="Include\Botan\internal\workfactor.h">
      <Filter>Header Files</Filter>
    </ClInclude>
    <ClInclude Include="Include\Botan\internal\xor_buf.h">
      <Filter>Header Files</Filter>
    </ClInclude>
    <ClInclude Include="Include\Botan\xtea_simd.h">
      <Filter>Header Files</Filter>
    </ClInclude>
    <ClInclude Include="Include\Botan\adler32.h">
      <Filter>Header Files</Filter>
    </ClInclude>
    <ClInclude Include="Include\Botan\aes.h">
      <Filter>Header Files</Filter>
    </ClInclude>
    <ClInclude Include="Include\Botan\alg_id.h">
      <Filter>Header Files</Filter>
    </ClInclude>
    <ClInclude Include="Include\Botan\algo_base.h">
      <Filter>Header Files</Filter>
    </ClInclude>
    <ClInclude Include="Include\Botan\algo_factory.h">
      <Filter>Header Files</Filter>
    </ClInclude>
    <ClInclude Include="Include\Botan\allocate.h">
      <Filter>Header Files</Filter>
    </ClInclude>
    <ClInclude Include="Include\Botan\arc4.h">
      <Filter>Header Files</Filter>
    </ClInclude>
    <ClInclude Include="Include\Botan\asn1_int.h">
      <Filter>Header Files</Filter>
    </ClInclude>
    <ClInclude Include="Include\Botan\asn1_obj.h">
      <Filter>Header Files</Filter>
    </ClInclude>
    <ClInclude Include="Include\Botan\asn1_oid.h">
      <Filter>Header Files</Filter>
    </ClInclude>
    <ClInclude Include="Include\Botan\asn1_str.h">
      <Filter>Header Files</Filter>
    </ClInclude>
    <ClInclude Include="Include\Botan\auto_rng.h">
      <Filter>Header Files</Filter>
    </ClInclude>
    <ClInclude Include="Include\Botan\b64_filt.h">
      <Filter>Header Files</Filter>
    </ClInclude>
    <ClInclude Include="Include\Botan\base64.h">
      <Filter>Header Files</Filter>
    </ClInclude>
    <ClInclude Include="Include\Botan\basefilt.h">
      <Filter>Header Files</Filter>
    </ClInclude>
    <ClInclude Include="Include\Botan\bcrypt.h">
      <Filter>Header Files</Filter>
    </ClInclude>
    <ClInclude Include="Include\Botan\benchmark.h">
      <Filter>Header Files</Filter>
    </ClInclude>
    <ClInclude Include="Include\Botan\ber_dec.h">
      <Filter>Header Files</Filter>
    </ClInclude>
    <ClInclude Include="Include\Botan\bigint.h">
      <Filter>Header Files</Filter>
    </ClInclude>
    <ClInclude Include="Include\Botan\blinding.h">
      <Filter>Header Files</Filter>
    </ClInclude>
    <ClInclude Include="Include\Botan\block_cipher.h">
      <Filter>Header Files</Filter>
    </ClInclude>
    <ClInclude Include="Include\Botan\blowfish.h">
      <Filter>Header Files</Filter>
    </ClInclude>
    <ClInclude Include="Include\Botan\bmw_512.h">
      <Filter>Header Files</Filter>
    </ClInclude>
    <ClInclude Include="Include\Botan\botan.h">
      <Filter>Header Files</Filter>
    </ClInclude>
    <ClInclude Include="Include\Botan\bswap.h">
      <Filter>Header Files</Filter>
    </ClInclude>
    <ClInclude Include="Include\Botan\buf_comp.h">
      <Filter>Header Files</Filter>
    </ClInclude>
    <ClInclude Include="Include\Botan\buf_filt.h">
      <Filter>Header Files</Filter>
    </ClInclude>
    <ClInclude Include="Include\Botan\build.h">
      <Filter>Header Files</Filter>
    </ClInclude>
    <ClInclude Include="Include\Botan\cascade.h">
      <Filter>Header Files</Filter>
    </ClInclude>
    <ClInclude Include="Include\Botan\cast128.h">
      <Filter>Header Files</Filter>
    </ClInclude>
    <ClInclude Include="Include\Botan\cast256.h">
      <Filter>Header Files</Filter>
    </ClInclude>
    <ClInclude Include="Include\Botan\cbc.h">
      <Filter>Header Files</Filter>
    </ClInclude>
    <ClInclude Include="Include\Botan\cbc_mac.h">
      <Filter>Header Files</Filter>
    </ClInclude>
    <ClInclude Include="Include\Botan\certstor.h">
      <Filter>Header Files</Filter>
    </ClInclude>
    <ClInclude Include="Include\Botan\cfb.h">
      <Filter>Header Files</Filter>
    </ClInclude>
    <ClInclude Include="Include\Botan\charset.h">
      <Filter>Header Files</Filter>
    </ClInclude>
    <ClInclude Include="Include\Botan\cmac.h">
      <Filter>Header Files</Filter>
    </ClInclude>
    <ClInclude Include="Include\Botan\comb4p.h">
      <Filter>Header Files</Filter>
    </ClInclude>
    <ClInclude Include="Include\Botan\cpuid.h">
      <Filter>Header Files</Filter>
    </ClInclude>
    <ClInclude Include="Include\Botan\crc24.h">
      <Filter>Header Files</Filter>
    </ClInclude>
    <ClInclude Include="Include\Botan\crc32.h">
      <Filter>Header Files</Filter>
    </ClInclude>
    <ClInclude Include="Include\Botan\crl_ent.h">
      <Filter>Header Files</Filter>
    </ClInclude>
    <ClInclude Include="Include\Botan\cryptobox.h">
      <Filter>Header Files</Filter>
    </ClInclude>
    <ClInclude Include="Include\Botan\ctr.h">
      <Filter>Header Files</Filter>
    </ClInclude>
    <ClInclude Include="Include\Botan\cts.h">
      <Filter>Header Files</Filter>
    </ClInclude>
    <ClInclude Include="Include\Botan\curve_gfp.h">
      <Filter>Header Files</Filter>
    </ClInclude>
    <ClInclude Include="Include\Botan\data_snk.h">
      <Filter>Header Files</Filter>
    </ClInclude>
    <ClInclude Include="Include\Botan\data_src.h">
      <Filter>Header Files</Filter>
    </ClInclude>
    <ClInclude Include="Include\Botan\datastor.h">
      <Filter>Header Files</Filter>
    </ClInclude>
    <ClInclude Include="Include\Botan\der_enc.h">
      <Filter>Header Files</Filter>
    </ClInclude>
    <ClInclude Include="Include\Botan\des.h">
      <Filter>Header Files</Filter>
    </ClInclude>
    <ClInclude Include="Include\Botan\desx.h">
      <Filter>Header Files</Filter>
    </ClInclude>
    <ClInclude Include="Include\Botan\dh.h">
      <Filter>Header Files</Filter>
    </ClInclude>
    <ClInclude Include="Include\Botan\divide.h">
      <Filter>Header Files</Filter>
    </ClInclude>
    <ClInclude Include="Include\Botan\dl_algo.h">
      <Filter>Header Files</Filter>
    </ClInclude>
    <ClInclude Include="Include\Botan\dl_group.h">
      <Filter>Header Files</Filter>
    </ClInclude>
    <ClInclude Include="Include\Botan\dlies.h">
      <Filter>Header Files</Filter>
    </ClInclude>
    <ClInclude Include="Include\Botan\dsa.h">
      <Filter>Header Files</Filter>
    </ClInclude>
    <ClInclude Include="Include\Botan\dyn_engine.h">
      <Filter>Header Files</Filter>
    </ClInclude>
    <ClInclude Include="Include\Botan\eax.h">
      <Filter>Header Files</Filter>
    </ClInclude>
    <ClInclude Include="Include\Botan\ec_group.h">
      <Filter>Header Files</Filter>
    </ClInclude>
    <ClInclude Include="Include\Botan\ecb.h">
      <Filter>Header Files</Filter>
    </ClInclude>
    <ClInclude Include="Include\Botan\ecc_key.h">
      <Filter>Header Files</Filter>
    </ClInclude>
    <ClInclude Include="Include\Botan\ecdh.h">
      <Filter>Header Files</Filter>
    </ClInclude>
    <ClInclude Include="Include\Botan\ecdsa.h">
      <Filter>Header Files</Filter>
    </ClInclude>
    <ClInclude Include="Include\Botan\elgamal.h">
      <Filter>Header Files</Filter>
    </ClInclude>
    <ClInclude Include="Include\Botan\eme.h">
      <Filter>Header Files</Filter>
    </ClInclude>
    <ClInclude Include="Include\Botan\eme1.h">
      <Filter>Header Files</Filter>
    </ClInclude>
    <ClInclude Include="Include\Botan\eme_pkcs.h">
      <Filter>Header Files</Filter>
    </ClInclude>
    <ClInclude Include="Include\Botan\emsa.h">
      <Filter>Header Files</Filter>
    </ClInclude>
    <ClInclude Include="Include\Botan\emsa1.h">
      <Filter>Header Files</Filter>
    </ClInclude>
    <ClInclude Include="Include\Botan\emsa1_bsi.h">
      <Filter>Header Files</Filter>
    </ClInclude>
    <ClInclude Include="Include\Botan\emsa2.h">
      <Filter>Header Files</Filter>
    </ClInclude>
    <ClInclude Include="Include\Botan\emsa3.h">
      <Filter>Header Files</Filter>
    </ClInclude>
    <ClInclude Include="Include\Botan\emsa4.h">
      <Filter>Header Files</Filter>
    </ClInclude>
    <ClInclude Include="Include\Botan\emsa_raw.h">
      <Filter>Header Files</Filter>
    </ClInclude>
    <ClInclude Include="Include\Botan\engine.h">
      <Filter>Header Files</Filter>
    </ClInclude>
    <ClInclude Include="Include\Botan\entropy_src.h">
      <Filter>Header Files</Filter>
    </ClInclude>
    <ClInclude Include="Include\Botan\exceptn.h">
      <Filter>Header Files</Filter>
    </ClInclude>
    <ClInclude Include="Include\Botan\filter.h">
      <Filter>Header Files</Filter>
    </ClInclude>
    <ClInclude Include="Include\Botan\filters.h">
      <Filter>Header Files</Filter>
    </ClInclude>
    <ClInclude Include="Include\Botan\fpe_fe1.h">
      <Filter>Header Files</Filter>
    </ClInclude>
    <ClInclude Include="Include\Botan\get_byte.h">
      <Filter>Header Files</Filter>
    </ClInclude>
    <ClInclude Include="Include\Botan\get_pbe.h">
      <Filter>Header Files</Filter>
    </ClInclude>
    <ClInclude Include="Include\Botan\global_state.h">
      <Filter>Header Files</Filter>
    </ClInclude>
    <ClInclude Include="Include\Botan\gost_28147.h">
      <Filter>Header Files</Filter>
    </ClInclude>
    <ClInclude Include="Include\Botan\gost_3410.h">
      <Filter>Header Files</Filter>
    </ClInclude>
    <ClInclude Include="Include\Botan\gost_3411.h">
      <Filter>Header Files</Filter>
    </ClInclude>
    <ClInclude Include="Include\Botan\has160.h">
      <Filter>Header Files</Filter>
    </ClInclude>
    <ClInclude Include="Include\Botan\hash.h">
      <Filter>Header Files</Filter>
    </ClInclude>
    <ClInclude Include="Include\Botan\hash_id.h">
      <Filter>Header Files</Filter>
    </ClInclude>
    <ClInclude Include="Include\Botan\hex.h">
      <Filter>Header Files</Filter>
    </ClInclude>
    <ClInclude Include="Include\Botan\hex_filt.h">
      <Filter>Header Files</Filter>
    </ClInclude>
    <ClInclude Include="Include\Botan\hmac.h">
      <Filter>Header Files</Filter>
    </ClInclude>
    <ClInclude Include="Include\Botan\hmac_rng.h">
      <Filter>Header Files</Filter>
    </ClInclude>
    <ClInclude Include="Include\Botan\idea.h">
      <Filter>Header Files</Filter>
    </ClInclude>
    <ClInclude Include="Include\Botan\if_algo.h">
      <Filter>Header Files</Filter>
    </ClInclude>
    <ClInclude Include="Include\Botan\init.h">
      <Filter>Header Files</Filter>
    </ClInclude>
    <ClInclude Include="Include\Botan\kasumi.h">
      <Filter>Header Files</Filter>
    </ClInclude>
    <ClInclude Include="Include\Botan\kdf.h">
      <Filter>Header Files</Filter>
    </ClInclude>
    <ClInclude Include="Include\Botan\kdf1.h">
      <Filter>Header Files</Filter>
    </ClInclude>
    <ClInclude Include="Include\Botan\kdf2.h">
      <Filter>Header Files</Filter>
    </ClInclude>
    <ClInclude Include="Include\Botan\keccak.h">
      <Filter>Header Files</Filter>
    </ClInclude>
    <ClInclude Include="Include\Botan\key_filt.h">
      <Filter>Header Files</Filter>
    </ClInclude>
    <ClInclude Include="Include\Botan\key_spec.h">
      <Filter>Header Files</Filter>
    </ClInclude>
    <ClInclude Include="Include\Botan\keypair.h">
      <Filter>Header Files</Filter>
    </ClInclude>
    <ClInclude Include="Include\Botan\libstate.h">
      <Filter>Header Files</Filter>
    </ClInclude>
    <ClInclude Include="Include\Botan\lion.h">
      <Filter>Header Files</Filter>
    </ClInclude>
    <ClInclude Include="Include\Botan\loadstor.h">
      <Filter>Header Files</Filter>
    </ClInclude>
    <ClInclude Include="Include\Botan\look_pk.h">
      <Filter>Header Files</Filter>
    </ClInclude>
    <ClInclude Include="Include\Botan\lookup.h">
      <Filter>Header Files</Filter>
    </ClInclude>
    <ClInclude Include="Include\Botan\lubyrack.h">
      <Filter>Header Files</Filter>
    </ClInclude>
    <ClInclude Include="Include\Botan\mac.h">
      <Filter>Header Files</Filter>
    </ClInclude>
    <ClInclude Include="Include\Botan\mars.h">
      <Filter>Header Files</Filter>
    </ClInclude>
    <ClInclude Include="Include\Botan\md2.h">
      <Filter>Header Files</Filter>
    </ClInclude>
    <ClInclude Include="Include\Botan\md4.h">
      <Filter>Header Files</Filter>
    </ClInclude>
    <ClInclude Include="Include\Botan\md5.h">
      <Filter>Header Files</Filter>
    </ClInclude>
    <ClInclude Include="Include\Botan\mdx_hash.h">
      <Filter>Header Files</Filter>
    </ClInclude>
    <ClInclude Include="Include\Botan\mem_ops.h">
      <Filter>Header Files</Filter>
    </ClInclude>
    <ClInclude Include="Include\Botan\mgf1.h">
      <Filter>Header Files</Filter>
    </ClInclude>
    <ClInclude Include="Include\Botan\misty1.h">
      <Filter>Header Files</Filter>
    </ClInclude>
    <ClInclude Include="Include\Botan\mode_pad.h">
      <Filter>Header Files</Filter>
    </ClInclude>
    <ClInclude Include="Include\Botan\mp_types.h">
      <Filter>Header Files</Filter>
    </ClInclude>
    <ClInclude Include="Include\Botan\noekeon.h">
      <Filter>Header Files</Filter>
    </ClInclude>
    <ClInclude Include="Include\Botan\noekeon_simd.h">
      <Filter>Header Files</Filter>
    </ClInclude>
    <ClInclude Include="Include\Botan\nr.h">
      <Filter>Header Files</Filter>
    </ClInclude>
    <ClInclude Include="Include\Botan\numthry.h">
      <Filter>Header Files</Filter>
    </ClInclude>
    <ClInclude Include="Include\Botan\ofb.h">
      <Filter>Header Files</Filter>
    </ClInclude>
    <ClInclude Include="Include\Botan\oids.h">
      <Filter>Header Files</Filter>
    </ClInclude>
    <ClInclude Include="Include\Botan\openpgp.h">
      <Filter>Header Files</Filter>
    </ClInclude>
    <ClInclude Include="Include\Botan\package.h">
      <Filter>Header Files</Filter>
    </ClInclude>
    <ClInclude Include="Include\Botan\par_hash.h">
      <Filter>Header Files</Filter>
    </ClInclude>
    <ClInclude Include="Include\Botan\parsing.h">
      <Filter>Header Files</Filter>
    </ClInclude>
    <ClInclude Include="Include\Botan\passhash9.h">
      <Filter>Header Files</Filter>
    </ClInclude>
    <ClInclude Include="Include\Botan\pbe.h">
      <Filter>Header Files</Filter>
    </ClInclude>
    <ClInclude Include="Include\Botan\pbes1.h">
      <Filter>Header Files</Filter>
    </ClInclude>
    <ClInclude Include="Include\Botan\pbes2.h">
      <Filter>Header Files</Filter>
    </ClInclude>
    <ClInclude Include="Include\Botan\pbkdf.h">
      <Filter>Header Files</Filter>
    </ClInclude>
    <ClInclude Include="Include\Botan\pbkdf1.h">
      <Filter>Header Files</Filter>
    </ClInclude>
    <ClInclude Include="Include\Botan\pbkdf2.h">
      <Filter>Header Files</Filter>
    </ClInclude>
    <ClInclude Include="Include\Botan\pem.h">
      <Filter>Header Files</Filter>
    </ClInclude>
    <ClInclude Include="Include\Botan\pgp_s2k.h">
      <Filter>Header Files</Filter>
    </ClInclude>
    <ClInclude Include="Include\Botan\pipe.h">
      <Filter>Header Files</Filter>
    </ClInclude>
    <ClInclude Include="Include\Botan\pk_filts.h">
      <Filter>Header Files</Filter>
    </ClInclude>
    <ClInclude Include="Include\Botan\pk_keys.h">
      <Filter>Header Files</Filter>
    </ClInclude>
    <ClInclude Include="Include\Botan\pk_ops.h">
      <Filter>Header Files</Filter>
    </ClInclude>
    <ClInclude Include="Include\Botan\pkcs10.h">
      <Filter>Header Files</Filter>
    </ClInclude>
    <ClInclude Include="Include\Botan\pkcs8.h">
      <Filter>Header Files</Filter>
    </ClInclude>
    <ClInclude Include="Include\Botan\point_gfp.h">
      <Filter>Header Files</Filter>
    </ClInclude>
    <ClInclude Include="Include\Botan\pow_mod.h">
      <Filter>Header Files</Filter>
    </ClInclude>
    <ClInclude Include="Include\Botan\prf_ssl3.h">
      <Filter>Header Files</Filter>
    </ClInclude>
    <ClInclude Include="Include\Botan\prf_tls.h">
      <Filter>Header Files</Filter>
    </ClInclude>
    <ClInclude Include="Include\Botan\prf_x942.h">
      <Filter>Header Files</Filter>
    </ClInclude>
    <ClInclude Include="Include\Botan\pubkey.h">
      <Filter>Header Files</Filter>
    </ClInclude>
    <ClInclude Include="Include\Botan\pubkey_enums.h">
      <Filter>Header Files</Filter>
    </ClInclude>
    <ClInclude Include="Include\Botan\randpool.h">
      <Filter>Header Files</Filter>
    </ClInclude>
    <ClInclude Include="Include\Botan\rc2.h">
      <Filter>Header Files</Filter>
    </ClInclude>
    <ClInclude Include="Include\Botan\rc5.h">
      <Filter>Header Files</Filter>
    </ClInclude>
    <ClInclude Include="Include\Botan\rc6.h">
      <Filter>Header Files</Filter>
    </ClInclude>
    <ClInclude Include="Include\Botan\reducer.h">
      <Filter>Header Files</Filter>
    </ClInclude>
    <ClInclude Include="Include\Botan\rfc3394.h">
      <Filter>Header Files</Filter>
    </ClInclude>
    <ClInclude Include="Include\Botan\rmd128.h">
      <Filter>Header Files</Filter>
    </ClInclude>
    <ClInclude Include="Include\Botan\rmd160.h">
      <Filter>Header Files</Filter>
    </ClInclude>
    <ClInclude Include="Include\Botan\rng.h">
      <Filter>Header Files</Filter>
    </ClInclude>
    <ClInclude Include="Include\Botan\rotate.h">
      <Filter>Header Files</Filter>
    </ClInclude>
    <ClInclude Include="Include\Botan\rsa.h">
      <Filter>Header Files</Filter>
    </ClInclude>
    <ClInclude Include="Include\Botan\rw.h">
      <Filter>Header Files</Filter>
    </ClInclude>
    <ClInclude Include="Include\Botan\safer_sk.h">
      <Filter>Header Files</Filter>
    </ClInclude>
    <ClInclude Include="Include\Botan\salsa20.h">
      <Filter>Header Files</Filter>
    </ClInclude>
    <ClInclude Include="Include\Botan\scan_name.h">
      <Filter>Header Files</Filter>
    </ClInclude>
    <ClInclude Include="Include\Botan\secmem.h">
      <Filter>Header Files</Filter>
    </ClInclude>
    <ClInclude Include="Include\Botan\secqueue.h">
      <Filter>Header Files</Filter>
    </ClInclude>
    <ClInclude Include="Include\Botan\seed.h">
      <Filter>Header Files</Filter>
    </ClInclude>
    <ClInclude Include="Include\Botan\selftest.h">
      <Filter>Header Files</Filter>
    </ClInclude>
    <ClInclude Include="Include\Botan\serp_simd.h">
      <Filter>Header Files</Filter>
    </ClInclude>
    <ClInclude Include="Include\Botan\serpent.h">
      <Filter>Header Files</Filter>
    </ClInclude>
    <ClInclude Include="Include\Botan\sha160.h">
      <Filter>Header Files</Filter>
    </ClInclude>
    <ClInclude Include="Include\Botan\sha2_32.h">
      <Filter>Header Files</Filter>
    </ClInclude>
    <ClInclude Include="Include\Botan\sha2_64.h">
      <Filter>Header Files</Filter>
    </ClInclude>
    <ClInclude Include="Include\Botan\skein_512.h">
      <Filter>Header Files</Filter>
    </ClInclude>
    <ClInclude Include="Include\Botan\skipjack.h">
      <Filter>Header Files</Filter>
    </ClInclude>
    <ClInclude Include="Include\Botan\square.h">
      <Filter>Header Files</Filter>
    </ClInclude>
    <ClInclude Include="Include\Botan\ssl3_mac.h">
      <Filter>Header Files</Filter>
    </ClInclude>
    <ClInclude Include="Include\Botan\stream_cipher.h">
      <Filter>Header Files</Filter>
    </ClInclude>
    <ClInclude Include="Include\Botan\sym_algo.h">
      <Filter>Header Files</Filter>
    </ClInclude>
    <ClInclude Include="Include\Botan\symkey.h">
      <Filter>Header Files</Filter>
    </ClInclude>
    <ClInclude Include="Include\Botan\tea.h">
      <Filter>Header Files</Filter>
    </ClInclude>
    <ClInclude Include="Include\Botan\tiger.h">
      <Filter>Header Files</Filter>
    </ClInclude>
    <ClInclude Include="Include\Botan\time.h">
      <Filter>Header Files</Filter>
    </ClInclude>
    <ClInclude Include="Include\Botan\tss.h">
      <Filter>Header Files</Filter>
    </ClInclude>
    <ClInclude Include="Include\Botan\turing.h">
      <Filter>Header Files</Filter>
    </ClInclude>
    <ClInclude Include="Include\Botan\twofish.h">
      <Filter>Header Files</Filter>
    </ClInclude>
    <ClInclude Include="Include\Botan\types.h">
      <Filter>Header Files</Filter>
    </ClInclude>
    <ClInclude Include="Include\Botan\ui.h">
      <Filter>Header Files</Filter>
    </ClInclude>
    <ClInclude Include="Include\Botan\version.h">
      <Filter>Header Files</Filter>
    </ClInclude>
    <ClInclude Include="Include\Botan\whrlpool.h">
      <Filter>Header Files</Filter>
    </ClInclude>
    <ClInclude Include="Include\Botan\wid_wake.h">
      <Filter>Header Files</Filter>
    </ClInclude>
    <ClInclude Include="Include\Botan\x509_ca.h">
      <Filter>Header Files</Filter>
    </ClInclude>
    <ClInclude Include="Include\Botan\x509_crl.h">
      <Filter>Header Files</Filter>
    </ClInclude>
    <ClInclude Include="Include\Botan\x509_dn.h">
      <Filter>Header Files</Filter>
    </ClInclude>
    <ClInclude Include="Include\Botan\x509_ext.h">
      <Filter>Header Files</Filter>
    </ClInclude>
    <ClInclude Include="Include\Botan\x509_key.h">
      <Filter>Header Files</Filter>
    </ClInclude>
    <ClInclude Include="Include\Botan\x509_obj.h">
      <Filter>Header Files</Filter>
    </ClInclude>
    <ClInclude Include="Include\Botan\x509cert.h">
      <Filter>Header Files</Filter>
    </ClInclude>
    <ClInclude Include="Include\Botan\x509self.h">
      <Filter>Header Files</Filter>
    </ClInclude>
    <ClInclude Include="Include\Botan\x509stor.h">
      <Filter>Header Files</Filter>
    </ClInclude>
    <ClInclude Include="Include\Botan\x919_mac.h">
      <Filter>Header Files</Filter>
    </ClInclude>
    <ClInclude Include="Include\Botan\x931_rng.h">
      <Filter>Header Files</Filter>
    </ClInclude>
    <ClInclude Include="Include\Botan\xtea.h">
      <Filter>Header Files</Filter>
    </ClInclude>
    <ClInclude Include="Include\Botan\xts.h">
      <Filter>Header Files</Filter>
    </ClInclude>
    <ClInclude Include="Include\ROTMG\Encryption\Encryption.hpp">
      <Filter>Header Files</Filter>
    </ClInclude>
    <ClInclude Include="Include\ARC4\ARC4.hpp">
      <Filter>Header Files</Filter>
    </ClInclude>
  </ItemGroup>
</Project>